
Microsoft Visual Studio Solution File, Format Version 12.00
# Visual Studio 2012
Project("{FAE04EC0-301F-11D3-BF4B-00C04F79EFBC}") = "Proyecto Integrador", "Proyecto Integrador\Proyecto Integrador.csproj", "{5AFC24D1-03D6-40BB-A2AF-B48847C29C88}"
EndProject
Project("{6141683F-8A12-4E36-9623-2EB02B2C2303}") = "Di-Bus", "Di-Bus\Di-Bus.isproj", "{5083287E-4F68-40F0-9521-109AFACB93DB}"
	ProjectSection(ProjectDependencies) = postProject
		{5AFC24D1-03D6-40BB-A2AF-B48847C29C88} = {5AFC24D1-03D6-40BB-A2AF-B48847C29C88}
	EndProjectSection
EndProject
Global
	GlobalSection(SolutionConfigurationPlatforms) = preSolution
		CD_ROM|Any CPU = CD_ROM|Any CPU
		Debug|Any CPU = Debug|Any CPU
		DVD-5|Any CPU = DVD-5|Any CPU
		Release|Any CPU = Release|Any CPU
		SingleImage|Any CPU = SingleImage|Any CPU
	EndGlobalSection
	GlobalSection(ProjectConfigurationPlatforms) = postSolution
		{5AFC24D1-03D6-40BB-A2AF-B48847C29C88}.CD_ROM|Any CPU.ActiveCfg = Release|Any CPU
		{5AFC24D1-03D6-40BB-A2AF-B48847C29C88}.CD_ROM|Any CPU.Build.0 = Release|Any CPU
		{5AFC24D1-03D6-40BB-A2AF-B48847C29C88}.Debug|Any CPU.ActiveCfg = Debug|Any CPU
		{5AFC24D1-03D6-40BB-A2AF-B48847C29C88}.Debug|Any CPU.Build.0 = Debug|Any CPU
		{5AFC24D1-03D6-40BB-A2AF-B48847C29C88}.DVD-5|Any CPU.ActiveCfg = Debug|Any CPU
		{5AFC24D1-03D6-40BB-A2AF-B48847C29C88}.DVD-5|Any CPU.Build.0 = Debug|Any CPU
		{5AFC24D1-03D6-40BB-A2AF-B48847C29C88}.Release|Any CPU.ActiveCfg = Release|Any CPU
		{5AFC24D1-03D6-40BB-A2AF-B48847C29C88}.Release|Any CPU.Build.0 = Release|Any CPU
		{5AFC24D1-03D6-40BB-A2AF-B48847C29C88}.SingleImage|Any CPU.ActiveCfg = Release|Any CPU
		{5AFC24D1-03D6-40BB-A2AF-B48847C29C88}.SingleImage|Any CPU.Build.0 = Release|Any CPU
		{5083287E-4F68-40F0-9521-109AFACB93DB}.CD_ROM|Any CPU.ActiveCfg = CD_ROM
		{5083287E-4F68-40F0-9521-109AFACB93DB}.CD_ROM|Any CPU.Build.0 = CD_ROM
		{5083287E-4F68-40F0-9521-109AFACB93DB}.Debug|Any CPU.ActiveCfg = DVD-5
		{5083287E-4F68-40F0-9521-109AFACB93DB}.Debug|Any CPU.Build.0 = DVD-5
		{5083287E-4F68-40F0-9521-109AFACB93DB}.DVD-5|Any CPU.ActiveCfg = DVD-5
		{5083287E-4F68-40F0-9521-109AFACB93DB}.DVD-5|Any CPU.Build.0 = DVD-5
		{5083287E-4F68-40F0-9521-109AFACB93DB}.Release|Any CPU.ActiveCfg = SingleImage
		{5083287E-4F68-40F0-9521-109AFACB93DB}.Release|Any CPU.Build.0 = SingleImage
		{5083287E-4F68-40F0-9521-109AFACB93DB}.SingleImage|Any CPU.ActiveCfg = SingleImage
		{5083287E-4F68-40F0-9521-109AFACB93DB}.SingleImage|Any CPU.Build.0 = SingleImage
	EndGlobalSection
	GlobalSection(SolutionProperties) = preSolution
		HideSolutionNode = FALSE
	EndGlobalSection
EndGlobal
